
Microsoft Visual Studio Solution File, Format Version 12.00
# Visual Studio Version 17
VisualStudioVersion = 17.4.33122.133
MinimumVisualStudioVersion = 10.0.40219.1
Project("{FAE04EC0-301F-11D3-BF4B-00C04F79EFBC}") = "U16A2", "U16A2\U16A2.csproj", "{A50F6B40-27E1-44AA-992A-9A12BC4563C4}"
EndProject
Global
	GlobalSection(SolutionConfigurationPlatforms) = preSolution
		Debug|Any CPU = Debug|Any CPU
		Release|Any CPU = Release|Any CPU
	EndGlobalSection
	GlobalSection(ProjectConfigurationPlatforms) = postSolution
		{A50F6B40-27E1-44AA-992A-9A12BC4563C4}.Debug|Any CPU.ActiveCfg = Debug|Any CPU
		{A50F6B40-27E1-44AA-992A-9A12BC4563C4}.Debug|Any CPU.Build.0 = Debug|Any CPU
		{A50F6B40-27E1-44AA-992A-9A12BC4563C4}.Release|Any CPU.ActiveCfg = Release|Any CPU
		{A50F6B40-27E1-44AA-992A-9A12BC4563C4}.Release|Any CPU.Build.0 = Release|Any CPU
	EndGlobalSection
	GlobalSection(SolutionProperties) = preSolution
		HideSolutionNode = FALSE
	EndGlobalSection
	GlobalSection(ExtensibilityGlobals) = postSolution
		SolutionGuid = {51C71ACE-C044-45B4-98F2-5E238F76A2E4}
	EndGlobalSection
EndGlobal
